
Microsoft Visual Studio Solution File, Format Version 12.00
# Visual Studio Version 16
VisualStudioVersion = 16.0.30907.101
MinimumVisualStudioVersion = 10.0.40219.1
Project("{FAE04EC0-301F-11D3-BF4B-00C04F79EFBC}") = "BancoDelTiempo", "BancoDelTiempo\BancoDelTiempo.csproj", "{E55A77A4-89E6-4AB9-B8A4-205F7C1DA55D}"
EndProject
Global
	GlobalSection(SolutionConfigurationPlatforms) = preSolution
		Debug|Any CPU = Debug|Any CPU
		Release|Any CPU = Release|Any CPU
	EndGlobalSection
	GlobalSection(ProjectConfigurationPlatforms) = postSolution
		{E55A77A4-89E6-4AB9-B8A4-205F7C1DA55D}.Debug|Any CPU.ActiveCfg = Debug|Any CPU
		{E55A77A4-89E6-4AB9-B8A4-205F7C1DA55D}.Debug|Any CPU.Build.0 = Debug|Any CPU
		{E55A77A4-89E6-4AB9-B8A4-205F7C1DA55D}.Release|Any CPU.ActiveCfg = Release|Any CPU
		{E55A77A4-89E6-4AB9-B8A4-205F7C1DA55D}.Release|Any CPU.Build.0 = Release|Any CPU
	EndGlobalSection
	GlobalSection(SolutionProperties) = preSolution
		HideSolutionNode = FALSE
	EndGlobalSection
	GlobalSection(ExtensibilityGlobals) = postSolution
		SolutionGuid = {7DF3DA4D-EB3F-4D06-A2B3-2215CD64B049}
	EndGlobalSection
EndGlobal
